
Microsoft Visual Studio Solution File, Format Version 12.00
# Visual Studio Version 17
VisualStudioVersion = 17.3.32922.545
MinimumVisualStudioVersion = 10.0.40219.1
Project("{8BC9CEB8-8B4A-11D0-8D11-00A0C91BC942}") = "ConsoleApplication4", "ConsoleApplication4.vcxproj", "{9518E4AA-BC34-4CD7-9FFD-4247534EDF95}"
EndProject
Global
	GlobalSection(SolutionConfigurationPlatforms) = preSolution
		Debug|x64 = Debug|x64
		Debug|x86 = Debug|x86
		Release|x64 = Release|x64
		Release|x86 = Release|x86
	EndGlobalSection
	GlobalSection(ProjectConfigurationPlatforms) = postSolution
		{9518E4AA-BC34-4CD7-9FFD-4247534EDF95}.Debug|x64.ActiveCfg = Debug|x64
		{9518E4AA-BC34-4CD7-9FFD-4247534EDF95}.Debug|x64.Build.0 = Debug|x64
		{9518E4AA-BC34-4CD7-9FFD-4247534EDF95}.Debug|x86.ActiveCfg = Debug|Win32
		{9518E4AA-BC34-4CD7-9FFD-4247534EDF95}.Debug|x86.Build.0 = Debug|Win32
		{9518E4AA-BC34-4CD7-9FFD-4247534EDF95}.Release|x64.ActiveCfg = Release|x64
		{9518E4AA-BC34-4CD7-9FFD-4247534EDF95}.Release|x64.Build.0 = Release|x64
		{9518E4AA-BC34-4CD7-9FFD-4247534EDF95}.Release|x86.ActiveCfg = Release|Win32
		{9518E4AA-BC34-4CD7-9FFD-4247534EDF95}.Release|x86.Build.0 = Release|Win32
	EndGlobalSection
	GlobalSection(SolutionProperties) = preSolution
		HideSolutionNode = FALSE
	EndGlobalSection
	GlobalSection(ExtensibilityGlobals) = postSolution
		SolutionGuid = {8C5DC48D-5DE6-477D-881A-F5E1B023164E}
	EndGlobalSection
EndGlobal
